
Microsoft Visual Studio Solution File, Format Version 12.00
# Visual Studio Version 16
VisualStudioVersion = 16.0.30413.136
MinimumVisualStudioVersion = 10.0.40219.1
Project("{FAE04EC0-301F-11D3-BF4B-00C04F79EFBC}") = "TwitchPlaysHub", "TwitchPlaysHub\TwitchPlaysHub.csproj", "{240AF026-555C-482B-964B-2EF69C2DA1C8}"
EndProject
Global
	GlobalSection(SolutionConfigurationPlatforms) = preSolution
		Debug|Any CPU = Debug|Any CPU
		Release|Any CPU = Release|Any CPU
	EndGlobalSection
	GlobalSection(ProjectConfigurationPlatforms) = postSolution
		{240AF026-555C-482B-964B-2EF69C2DA1C8}.Debug|Any CPU.ActiveCfg = Debug|Any CPU
		{240AF026-555C-482B-964B-2EF69C2DA1C8}.Debug|Any CPU.Build.0 = Debug|Any CPU
		{240AF026-555C-482B-964B-2EF69C2DA1C8}.Release|Any CPU.ActiveCfg = Release|Any CPU
		{240AF026-555C-482B-964B-2EF69C2DA1C8}.Release|Any CPU.Build.0 = Release|Any CPU
	EndGlobalSection
	GlobalSection(SolutionProperties) = preSolution
		HideSolutionNode = FALSE
	EndGlobalSection
	GlobalSection(ExtensibilityGlobals) = postSolution
		SolutionGuid = {608B5568-B695-4B4B-AB63-C6E9A3E2CDE0}
	EndGlobalSection
EndGlobal
